// !$*UTF8*$!
{
	archiveVersion = 1;
	classes = {
	};
	objectVersion = 77;
	objects = {

/* Begin PBXBuildFile section */
		4682565F2F28331400839A1A /* libEndpointSecurity.tbd in Frameworks */ = {isa = PBXBuildFile; fileRef = 4682565E2F28331400839A1A /* libEndpointSecurity.tbd */; };
		468256672F28331400839A1A /* uk.craigbass.clearancekit.opfilter.systemextension in Embed System Extensions */ = {isa = PBXBuildFile; fileRef = 4682565C2F28331400839A1A /* uk.craigbass.clearancekit.opfilter.systemextension */; settings = {ATTRIBUTES = (RemoveHeadersOnCopy, ); }; };
		CC2222222222222222220002 /* BuildInfo.generated.swift in Sources */ = {isa = PBXBuildFile; fileRef = CC2222222222222222220001 /* BuildInfo.generated.swift */; };
		DD3333333333333333330002 /* BuildInfo.generated.swift in Sources */ = {isa = PBXBuildFile; fileRef = CC2222222222222222220001 /* BuildInfo.generated.swift */; };
/* End PBXBuildFile section */

/* Begin PBXContainerItemProxy section */
		468256652F28331400839A1A /* PBXContainerItemProxy */ = {
			isa = PBXContainerItemProxy;
			containerPortal = 468256342F2832C400839A1A /* Project object */;
			proxyType = 1;
			remoteGlobalIDString = 4682565B2F28331400839A1A;
			remoteInfo = opfilter;
		};
/* End PBXContainerItemProxy section */

/* Begin PBXCopyFilesBuildPhase section */
		4682566C2F28331400839A1A /* Embed System Extensions */ = {
			isa = PBXCopyFilesBuildPhase;
			buildActionMask = 2147483647;
			dstPath = "$(SYSTEM_EXTENSIONS_FOLDER_PATH)";
			dstSubfolderSpec = 16;
			files = (
				468256672F28331400839A1A /* uk.craigbass.clearancekit.opfilter.systemextension in Embed System Extensions */,
			);
			name = "Embed System Extensions";
			runOnlyForDeploymentPostprocessing = 0;
		};
/* End PBXCopyFilesBuildPhase section */

/* Begin PBXFileReference section */
		4682563C2F2832C400839A1A /* clearancekit.app */ = {isa = PBXFileReference; explicitFileType = wrapper.application; includeInIndex = 0; path = clearancekit.app; sourceTree = BUILT_PRODUCTS_DIR; };
		4682565C2F28331400839A1A /* uk.craigbass.clearancekit.opfilter.systemextension */ = {isa = PBXFileReference; explicitFileType = "wrapper.system-extension"; includeInIndex = 0; path = uk.craigbass.clearancekit.opfilter.systemextension; sourceTree = BUILT_PRODUCTS_DIR; };
		4682565E2F28331400839A1A /* libEndpointSecurity.tbd */ = {isa = PBXFileReference; lastKnownFileType = "sourcecode.text-based-dylib-definition"; name = libEndpointSecurity.tbd; path = usr/lib/libEndpointSecurity.tbd; sourceTree = SDKROOT; };
		CC2222222222222222220001 /* BuildInfo.generated.swift */ = {isa = PBXFileReference; lastKnownFileType = sourcecode.swift; path = BuildInfo.generated.swift; sourceTree = DERIVED_FILE_DIR; };
		EE4444444444444444440001 /* clearancekitTests.xctest */ = {isa = PBXFileReference; explicitFileType = wrapper.cfbundle; includeInIndex = 0; path = clearancekitTests.xctest; sourceTree = BUILT_PRODUCTS_DIR; };
/* End PBXFileReference section */

/* Begin PBXFileSystemSynchronizedBuildFileExceptionSet section */
		468256682F28331400839A1A /* Exceptions for "opfilter" folder in "opfilter" target */ = {
			isa = PBXFileSystemSynchronizedBuildFileExceptionSet;
			membershipExceptions = (
				Info.plist,
			);
			target = 4682565B2F28331400839A1A /* opfilter */;
		};
		AA5555555555555555550001 /* Exceptions for "clearancekit" folder in "clearancekitTests" target */ = {
			isa = PBXFileSystemSynchronizedBuildFileExceptionSet;
			membershipExceptions = (
				App/clearancekitApp.swift,
				App/ContentView.swift,
				App/DatabaseSignatureIssueView.swift,
				App/NavigationState.swift,
				App/SystemExtensionManager.swift,
				Assets.xcassets,
				clearancekit.icon,
				Configure/Allowlist/AllowlistView.swift,
				Configure/AppProtections/AppPickerView.swift,
				Configure/AppProtections/AppPreset.swift,
				Configure/AppProtections/AppProtection.swift,
				Configure/AppProtections/AppProtectionStore.swift,
				Configure/AppProtections/ManagedAppProtectionLoader.swift,
				Configure/AppProtections/Presets/Calendar.swift,
				Configure/AppProtections/Presets/Chrome.swift,
				Configure/AppProtections/Presets/Contacts.swift,
				Configure/AppProtections/Presets/Discord.swift,
				Configure/AppProtections/Presets/HEY.swift,
				Configure/AppProtections/Presets/index.swift,
				Configure/AppProtections/Presets/Mail.swift,
				Configure/AppProtections/Presets/Messages.swift,
				Configure/AppProtections/Presets/MullvadVPN.swift,
				Configure/AppProtections/Presets/Notes.swift,
				Configure/AppProtections/Presets/Safari.swift,
				Configure/AppProtections/Presets/Signal.swift,
				Configure/AppProtections/Presets/Slack.swift,
				Configure/AppProtections/PresetsView.swift,
				Configure/AppProtections/ProtectionDraft.swift,
				Configure/AppProtections/ProtectionFettleView.swift,
				Configure/Jail/JailView.swift,
				Configure/Policy/PolicyExportView.swift,
				Configure/Policy/PolicyImportView.swift,
				Configure/Policy/PolicyView.swift,
				Configure/Policy/RuleEditView.swift,
				Configure/ProcessPickerView.swift,
				Export/ClearanceKitExportView.swift,
				Export/ClearanceKitMobileconfigExporter.swift,
				Export/SantaExportView.swift,
				MCP/MCPAgentsView.swift,
				MCP/MCPServer.swift,
				MCP/MCPSessionStore.swift,
				MCP/MCPTools.swift,
				Monitor/Events/EventsWindowView.swift,
				Monitor/Processes/ProcessesView.swift,
				Monitor/ProcessTree/ProcessTreeView.swift,
				Monitor/ProcessTree/ProcessTreeWizardSheet.swift,
			);
			target = EE4444444444444444440006 /* clearancekitTests */;
		};
		EE4444444444444444440010 /* Exceptions for "opfilter" folder in "clearancekitTests" target */ = {
			isa = PBXFileSystemSynchronizedBuildFileExceptionSet;
			membershipExceptions = (
				Database/Database.swift,
				Database/DatabaseMigrations.swift,
				EndpointSecurity/ESInboundAdapter.swift,
				EndpointSecurity/ESJailAdapter.swift,
				EndpointSecurity/ESProcessRecord.swift,
				Info.plist,
				main.swift,
				Policy/ManagedAllowlistLoader.swift,
				Policy/ManagedPolicyLoader.swift,
				Policy/PolicySigner.swift,
				XPC/ConnectionValidator.swift,
				"XPC/NSXPCConnection+AuditToken.swift",
				XPC/ProcessEnumerator.swift,
				XPC/XPCServer.swift,
			);
			target = EE4444444444444444440006 /* clearancekitTests */;
		};
/* End PBXFileSystemSynchronizedBuildFileExceptionSet section */

/* Begin PBXFileSystemSynchronizedRootGroup section */
		4682563E2F2832C400839A1A /* clearancekit */ = {
			isa = PBXFileSystemSynchronizedRootGroup;
			exceptions = (
				AA5555555555555555550001 /* Exceptions for "clearancekit" folder in "clearancekitTests" target */,
			);
			path = clearancekit;
			sourceTree = "<group>";
		};
		468256602F28331400839A1A /* opfilter */ = {
			isa = PBXFileSystemSynchronizedRootGroup;
			exceptions = (
				468256682F28331400839A1A /* Exceptions for "opfilter" folder in "opfilter" target */,
				EE4444444444444444440010 /* Exceptions for "opfilter" folder in "clearancekitTests" target */,
			);
			path = opfilter;
			sourceTree = "<group>";
		};
		468256722F28500000000003 /* Shared */ = {
			isa = PBXFileSystemSynchronizedRootGroup;
			path = Shared;
			sourceTree = "<group>";
		};
		EE4444444444444444440002 /* Tests */ = {
			isa = PBXFileSystemSynchronizedRootGroup;
			path = Tests;
			sourceTree = "<group>";
		};
/* End PBXFileSystemSynchronizedRootGroup section */

/* Begin PBXFrameworksBuildPhase section */
		468256392F2832C400839A1A /* Frameworks */ = {
			isa = PBXFrameworksBuildPhase;
			buildActionMask = 2147483647;
			files = (
			);
			runOnlyForDeploymentPostprocessing = 0;
		};
		468256592F28331400839A1A /* Frameworks */ = {
			isa = PBXFrameworksBuildPhase;
			buildActionMask = 2147483647;
			files = (
				4682565F2F28331400839A1A /* libEndpointSecurity.tbd in Frameworks */,
			);
			runOnlyForDeploymentPostprocessing = 0;
		};
		EE4444444444444444440004 /* Frameworks */ = {
			isa = PBXFrameworksBuildPhase;
			buildActionMask = 2147483647;
			files = (
			);
			runOnlyForDeploymentPostprocessing = 0;
		};
/* End PBXFrameworksBuildPhase section */

/* Begin PBXGroup section */
		468256332F2832C400839A1A = {
			isa = PBXGroup;
			children = (
				4682563E2F2832C400839A1A /* clearancekit */,
				468256602F28331400839A1A /* opfilter */,
				468256722F28500000000003 /* Shared */,
				EE4444444444444444440002 /* Tests */,
				4682565D2F28331400839A1A /* Frameworks */,
				4682563D2F2832C400839A1A /* Products */,
				46C35DB92F672255000EE3AE /* Recovered References */,
			);
			sourceTree = "<group>";
		};
		4682563D2F2832C400839A1A /* Products */ = {
			isa = PBXGroup;
			children = (
				4682563C2F2832C400839A1A /* clearancekit.app */,
				4682565C2F28331400839A1A /* uk.craigbass.clearancekit.opfilter.systemextension */,
				EE4444444444444444440001 /* clearancekitTests.xctest */,
			);
			name = Products;
			sourceTree = "<group>";
		};
		4682565D2F28331400839A1A /* Frameworks */ = {
			isa = PBXGroup;
			children = (
				4682565E2F28331400839A1A /* libEndpointSecurity.tbd */,
			);
			name = Frameworks;
			sourceTree = "<group>";
		};
		46C35DB92F672255000EE3AE /* Recovered References */ = {
			isa = PBXGroup;
			children = (
				CC2222222222222222220001 /* BuildInfo.generated.swift */,
			);
			name = "Recovered References";
			sourceTree = "<group>";
		};
/* End PBXGroup section */

/* Begin PBXNativeTarget section */
		4682563B2F2832C400839A1A /* clearancekit */ = {
			isa = PBXNativeTarget;
			buildConfigurationList = 468256472F2832C500839A1A /* Build configuration list for PBXNativeTarget "clearancekit" */;
			buildPhases = (
				CC1111111111111111110001 /* Embed Git Hash */,
				468256382F2832C400839A1A /* Sources */,
				468256392F2832C400839A1A /* Frameworks */,
				4682563A2F2832C400839A1A /* Resources */,
				4682566C2F28331400839A1A /* Embed System Extensions */,
			);
			buildRules = (
			);
			dependencies = (
				468256662F28331400839A1A /* PBXTargetDependency */,
			);
			fileSystemSynchronizedGroups = (
				4682563E2F2832C400839A1A /* clearancekit */,
				468256722F28500000000003 /* Shared */,
			);
			name = clearancekit;
			packageProductDependencies = (
			);
			productName = clearancekit;
			productReference = 4682563C2F2832C400839A1A /* clearancekit.app */;
			productType = "com.apple.product-type.application";
		};
		4682565B2F28331400839A1A /* opfilter */ = {
			isa = PBXNativeTarget;
			buildConfigurationList = 468256692F28331400839A1A /* Build configuration list for PBXNativeTarget "opfilter" */;
			buildPhases = (
				DD3333333333333333330001 /* Embed Git Hash */,
				468256582F28331400839A1A /* Sources */,
				468256592F28331400839A1A /* Frameworks */,
				4682565A2F28331400839A1A /* Resources */,
			);
			buildRules = (
			);
			dependencies = (
			);
			fileSystemSynchronizedGroups = (
				468256602F28331400839A1A /* opfilter */,
				468256722F28500000000003 /* Shared */,
			);
			name = opfilter;
			packageProductDependencies = (
			);
			productName = opfilter;
			productReference = 4682565C2F28331400839A1A /* uk.craigbass.clearancekit.opfilter.systemextension */;
			productType = "com.apple.product-type.system-extension";
		};
		EE4444444444444444440006 /* clearancekitTests */ = {
			isa = PBXNativeTarget;
			buildConfigurationList = EE4444444444444444440009 /* Build configuration list for PBXNativeTarget "clearancekitTests" */;
			buildPhases = (
				EE4444444444444444440003 /* Sources */,
				EE4444444444444444440004 /* Frameworks */,
				EE4444444444444444440005 /* Resources */,
			);
			buildRules = (
			);
			dependencies = (
			);
			fileSystemSynchronizedGroups = (
				4682563E2F2832C400839A1A /* clearancekit */,
				468256602F28331400839A1A /* opfilter */,
				468256722F28500000000003 /* Shared */,
				EE4444444444444444440002 /* Tests */,
			);
			name = clearancekitTests;
			packageProductDependencies = (
			);
			productName = clearancekitTests;
			productReference = EE4444444444444444440001 /* clearancekitTests.xctest */;
			productType = "com.apple.product-type.bundle.unit-test";
		};
/* End PBXNativeTarget section */

/* Begin PBXProject section */
		468256342F2832C400839A1A /* Project object */ = {
			isa = PBXProject;
			attributes = {
				BuildIndependentTargetsInParallel = 1;
				LastSwiftUpdateCheck = 2620;
				LastUpgradeCheck = 2630;
				TargetAttributes = {
					4682563B2F2832C400839A1A = {
						CreatedOnToolsVersion = 26.2;
					};
					4682565B2F28331400839A1A = {
						CreatedOnToolsVersion = 26.2;
					};
					EE4444444444444444440006 = {
						CreatedOnToolsVersion = 26.3;
					};
				};
			};
			buildConfigurationList = 468256372F2832C400839A1A /* Build configuration list for PBXProject "clearancekit" */;
			developmentRegion = en;
			hasScannedForEncodings = 0;
			knownRegions = (
				en,
				Base,
			);
			mainGroup = 468256332F2832C400839A1A;
			minimizedProjectReferenceProxies = 1;
			preferredProjectObjectVersion = 77;
			productRefGroup = 4682563D2F2832C400839A1A /* Products */;
			projectDirPath = "";
			projectRoot = "";
			targets = (
				4682563B2F2832C400839A1A /* clearancekit */,
				4682565B2F28331400839A1A /* opfilter */,
				EE4444444444444444440006 /* clearancekitTests */,
			);
		};
/* End PBXProject section */

/* Begin PBXResourcesBuildPhase section */
		4682563A2F2832C400839A1A /* Resources */ = {
			isa = PBXResourcesBuildPhase;
			buildActionMask = 2147483647;
			files = (
			);
			runOnlyForDeploymentPostprocessing = 0;
		};
		4682565A2F28331400839A1A /* Resources */ = {
			isa = PBXResourcesBuildPhase;
			buildActionMask = 2147483647;
			files = (
			);
			runOnlyForDeploymentPostprocessing = 0;
		};
		EE4444444444444444440005 /* Resources */ = {
			isa = PBXResourcesBuildPhase;
			buildActionMask = 2147483647;
			files = (
			);
			runOnlyForDeploymentPostprocessing = 0;
		};
/* End PBXResourcesBuildPhase section */

/* Begin PBXShellScriptBuildPhase section */
		CC1111111111111111110001 /* Embed Git Hash */ = {
			isa = PBXShellScriptBuildPhase;
			alwaysOutOfDate = 1;
			buildActionMask = 2147483647;
			files = (
			);
			inputFileListPaths = (
			);
			inputPaths = (
			);
			name = "Embed Git Hash";
			outputFileListPaths = (
			);
			outputPaths = (
				"$(DERIVED_FILE_DIR)/BuildInfo.generated.swift",
			);
			runOnlyForDeploymentPostprocessing = 0;
			shellPath = /bin/sh;
			shellScript = "GIT_HASH=$(git -C \"${SRCROOT}\" rev-parse --short HEAD 2>/dev/null || echo \"unknown\")\nif git -C \"${SRCROOT}\" diff --quiet HEAD 2>/dev/null; then\n  GIT_DIRTY=\"\"\nelse\n  GIT_DIRTY=\"+\"\nfi\ncat > \"${DERIVED_FILE_DIR}/BuildInfo.generated.swift\" << SWIFT\n// Auto-generated by build — do not edit\nenum BuildInfo {\n    static let gitHash = \"${GIT_HASH}${GIT_DIRTY}\"\n}\nSWIFT\n";
		};
		DD3333333333333333330001 /* Embed Git Hash */ = {
			isa = PBXShellScriptBuildPhase;
			alwaysOutOfDate = 1;
			buildActionMask = 2147483647;
			files = (
			);
			inputFileListPaths = (
			);
			inputPaths = (
			);
			name = "Embed Git Hash";
			outputFileListPaths = (
			);
			outputPaths = (
				"$(DERIVED_FILE_DIR)/BuildInfo.generated.swift",
			);
			runOnlyForDeploymentPostprocessing = 0;
			shellPath = /bin/sh;
			shellScript = "GIT_HASH=$(git -C \"${SRCROOT}\" rev-parse --short HEAD 2>/dev/null || echo \"unknown\")\nif git -C \"${SRCROOT}\" diff --quiet HEAD 2>/dev/null; then\n  GIT_DIRTY=\"\"\nelse\n  GIT_DIRTY=\"+\"\nfi\ncat > \"${DERIVED_FILE_DIR}/BuildInfo.generated.swift\" << SWIFT\n// Auto-generated by build — do not edit\nenum BuildInfo {\n    static let gitHash = \"${GIT_HASH}${GIT_DIRTY}\"\n}\nSWIFT\n";
		};
/* End PBXShellScriptBuildPhase section */

/* Begin PBXSourcesBuildPhase section */
		468256382F2832C400839A1A /* Sources */ = {
			isa = PBXSourcesBuildPhase;
			buildActionMask = 2147483647;
			files = (
				CC2222222222222222220002 /* BuildInfo.generated.swift in Sources */,
			);
			runOnlyForDeploymentPostprocessing = 0;
		};
		468256582F28331400839A1A /* Sources */ = {
			isa = PBXSourcesBuildPhase;
			buildActionMask = 2147483647;
			files = (
				DD3333333333333333330002 /* BuildInfo.generated.swift in Sources */,
			);
			runOnlyForDeploymentPostprocessing = 0;
		};
		EE4444444444444444440003 /* Sources */ = {
			isa = PBXSourcesBuildPhase;
			buildActionMask = 2147483647;
			files = (
			);
			runOnlyForDeploymentPostprocessing = 0;
		};
/* End PBXSourcesBuildPhase section */

/* Begin PBXTargetDependency section */
		468256662F28331400839A1A /* PBXTargetDependency */ = {
			isa = PBXTargetDependency;
			target = 4682565B2F28331400839A1A /* opfilter */;
			targetProxy = 468256652F28331400839A1A /* PBXContainerItemProxy */;
		};
/* End PBXTargetDependency section */

/* Begin XCBuildConfiguration section */
		468256452F2832C500839A1A /* Debug */ = {
			isa = XCBuildConfiguration;
			buildSettings = {
				ALWAYS_SEARCH_USER_PATHS = NO;
				ASSETCATALOG_COMPILER_GENERATE_SWIFT_ASSET_SYMBOL_EXTENSIONS = YES;
				CLANG_ANALYZER_NONNULL = YES;
				CLANG_ANALYZER_NUMBER_OBJECT_CONVERSION = YES_AGGRESSIVE;
				CLANG_CXX_LANGUAGE_STANDARD = "gnu++20";
				CLANG_ENABLE_MODULES = YES;
				CLANG_ENABLE_OBJC_ARC = YES;
				CLANG_ENABLE_OBJC_WEAK = YES;
				CLANG_WARN_BLOCK_CAPTURE_AUTORELEASING = YES;
				CLANG_WARN_BOOL_CONVERSION = YES;
				CLANG_WARN_COMMA = YES;
				CLANG_WARN_CONSTANT_CONVERSION = YES;
				CLANG_WARN_DEPRECATED_OBJC_IMPLEMENTATIONS = YES;
				CLANG_WARN_DIRECT_OBJC_ISA_USAGE = YES_ERROR;
				CLANG_WARN_DOCUMENTATION_COMMENTS = YES;
				CLANG_WARN_EMPTY_BODY = YES;
				CLANG_WARN_ENUM_CONVERSION = YES;
				CLANG_WARN_INFINITE_RECURSION = YES;
				CLANG_WARN_INT_CONVERSION = YES;
				CLANG_WARN_NON_LITERAL_NULL_CONVERSION = YES;
				CLANG_WARN_OBJC_IMPLICIT_RETAIN_SELF = YES;
				CLANG_WARN_OBJC_LITERAL_CONVERSION = YES;
				CLANG_WARN_OBJC_ROOT_CLASS = YES_ERROR;
				CLANG_WARN_QUOTED_INCLUDE_IN_FRAMEWORK_HEADER = YES;
				CLANG_WARN_RANGE_LOOP_ANALYSIS = YES;
				CLANG_WARN_STRICT_PROTOTYPES = YES;
				CLANG_WARN_SUSPICIOUS_MOVE = YES;
				CLANG_WARN_UNGUARDED_AVAILABILITY = YES_AGGRESSIVE;
				CLANG_WARN_UNREACHABLE_CODE = YES;
				CLANG_WARN__DUPLICATE_METHOD_MATCH = YES;
				COPY_PHASE_STRIP = NO;
				DEAD_CODE_STRIPPING = YES;
				DEBUG_INFORMATION_FORMAT = dwarf;
				DEVELOPMENT_TEAM = 37KMK6XFTT;
				ENABLE_STRICT_OBJC_MSGSEND = YES;
				ENABLE_TESTABILITY = YES;
				ENABLE_USER_SCRIPT_SANDBOXING = YES;
				GCC_C_LANGUAGE_STANDARD = gnu17;
				GCC_DYNAMIC_NO_PIC = NO;
				GCC_NO_COMMON_BLOCKS = YES;
				GCC_OPTIMIZATION_LEVEL = 0;
				GCC_PREPROCESSOR_DEFINITIONS = (
					"DEBUG=1",
					"$(inherited)",
				);
				GCC_WARN_64_TO_32_BIT_CONVERSION = YES;
				GCC_WARN_ABOUT_RETURN_TYPE = YES_ERROR;
				GCC_WARN_UNDECLARED_SELECTOR = YES;
				GCC_WARN_UNINITIALIZED_AUTOS = YES_AGGRESSIVE;
				GCC_WARN_UNUSED_FUNCTION = YES;
				GCC_WARN_UNUSED_VARIABLE = YES;
				LOCALIZATION_PREFERS_STRING_CATALOGS = YES;
				MACOSX_DEPLOYMENT_TARGET = 26.2;
				MTL_ENABLE_DEBUG_INFO = INCLUDE_SOURCE;
				MTL_FAST_MATH = YES;
				ONLY_ACTIVE_ARCH = YES;
				SDKROOT = macosx;
				STRING_CATALOG_GENERATE_SYMBOLS = YES;
				SWIFT_ACTIVE_COMPILATION_CONDITIONS = "DEBUG $(inherited)";
				SWIFT_OPTIMIZATION_LEVEL = "-Onone";
			};
			name = Debug;
		};
		468256462F2832C500839A1A /* Release */ = {
			isa = XCBuildConfiguration;
			buildSettings = {
				ALWAYS_SEARCH_USER_PATHS = NO;
				ASSETCATALOG_COMPILER_GENERATE_SWIFT_ASSET_SYMBOL_EXTENSIONS = YES;
				CLANG_ANALYZER_NONNULL = YES;
				CLANG_ANALYZER_NUMBER_OBJECT_CONVERSION = YES_AGGRESSIVE;
				CLANG_CXX_LANGUAGE_STANDARD = "gnu++20";
				CLANG_ENABLE_MODULES = YES;
				CLANG_ENABLE_OBJC_ARC = YES;
				CLANG_ENABLE_OBJC_WEAK = YES;
				CLANG_WARN_BLOCK_CAPTURE_AUTORELEASING = YES;
				CLANG_WARN_BOOL_CONVERSION = YES;
				CLANG_WARN_COMMA = YES;
				CLANG_WARN_CONSTANT_CONVERSION = YES;
				CLANG_WARN_DEPRECATED_OBJC_IMPLEMENTATIONS = YES;
				CLANG_WARN_DIRECT_OBJC_ISA_USAGE = YES_ERROR;
				CLANG_WARN_DOCUMENTATION_COMMENTS = YES;
				CLANG_WARN_EMPTY_BODY = YES;
				CLANG_WARN_ENUM_CONVERSION = YES;
				CLANG_WARN_INFINITE_RECURSION = YES;
				CLANG_WARN_INT_CONVERSION = YES;
				CLANG_WARN_NON_LITERAL_NULL_CONVERSION = YES;
				CLANG_WARN_OBJC_IMPLICIT_RETAIN_SELF = YES;
				CLANG_WARN_OBJC_LITERAL_CONVERSION = YES;
				CLANG_WARN_OBJC_ROOT_CLASS = YES_ERROR;
				CLANG_WARN_QUOTED_INCLUDE_IN_FRAMEWORK_HEADER = YES;
				CLANG_WARN_RANGE_LOOP_ANALYSIS = YES;
				CLANG_WARN_STRICT_PROTOTYPES = YES;
				CLANG_WARN_SUSPICIOUS_MOVE = YES;
				CLANG_WARN_UNGUARDED_AVAILABILITY = YES_AGGRESSIVE;
				CLANG_WARN_UNREACHABLE_CODE = YES;
				CLANG_WARN__DUPLICATE_METHOD_MATCH = YES;
				COPY_PHASE_STRIP = NO;
				DEAD_CODE_STRIPPING = YES;
				DEBUG_INFORMATION_FORMAT = "dwarf-with-dsym";
				DEVELOPMENT_TEAM = 37KMK6XFTT;
				ENABLE_NS_ASSERTIONS = NO;
				ENABLE_STRICT_OBJC_MSGSEND = YES;
				ENABLE_USER_SCRIPT_SANDBOXING = YES;
				GCC_C_LANGUAGE_STANDARD = gnu17;
				GCC_NO_COMMON_BLOCKS = YES;
				GCC_WARN_64_TO_32_BIT_CONVERSION = YES;
				GCC_WARN_ABOUT_RETURN_TYPE = YES_ERROR;
				GCC_WARN_UNDECLARED_SELECTOR = YES;
				GCC_WARN_UNINITIALIZED_AUTOS = YES_AGGRESSIVE;
				GCC_WARN_UNUSED_FUNCTION = YES;
				GCC_WARN_UNUSED_VARIABLE = YES;
				LOCALIZATION_PREFERS_STRING_CATALOGS = YES;
				MACOSX_DEPLOYMENT_TARGET = 26.2;
				MTL_ENABLE_DEBUG_INFO = NO;
				MTL_FAST_MATH = YES;
				SDKROOT = macosx;
				STRING_CATALOG_GENERATE_SYMBOLS = YES;
				SWIFT_COMPILATION_MODE = wholemodule;
			};
			name = Release;
		};
		468256482F2832C500839A1A /* Debug */ = {
			isa = XCBuildConfiguration;
			buildSettings = {
				ASSETCATALOG_COMPILER_APPICON_NAME = clearancekit;
				ASSETCATALOG_COMPILER_GLOBAL_ACCENT_COLOR_NAME = AccentColor;
				ASSETCATALOG_COMPILER_INCLUDE_ALL_APPICON_ASSETS = NO;
				CODE_SIGN_ENTITLEMENTS = clearancekit/clearancekit.entitlements;
				CODE_SIGN_IDENTITY = "Apple Development";
				CODE_SIGN_STYLE = Automatic;
				COMBINE_HIDPI_IMAGES = YES;
				CURRENT_PROJECT_VERSION = 1;
				DEAD_CODE_STRIPPING = YES;
				DEVELOPMENT_TEAM = 37KMK6XFTT;
				ENABLE_APP_SANDBOX = YES;
				ENABLE_HARDENED_RUNTIME = YES;
				ENABLE_INCOMING_NETWORK_CONNECTIONS = NO;
				ENABLE_OUTGOING_NETWORK_CONNECTIONS = NO;
				ENABLE_PREVIEWS = YES;
				ENABLE_RESOURCE_ACCESS_AUDIO_INPUT = NO;
				ENABLE_RESOURCE_ACCESS_BLUETOOTH = NO;
				ENABLE_RESOURCE_ACCESS_CALENDARS = NO;
				ENABLE_RESOURCE_ACCESS_CAMERA = NO;
				ENABLE_RESOURCE_ACCESS_CONTACTS = NO;
				ENABLE_RESOURCE_ACCESS_LOCATION = NO;
				ENABLE_RESOURCE_ACCESS_PRINTING = NO;
				ENABLE_RESOURCE_ACCESS_USB = NO;
				ENABLE_USER_SCRIPT_SANDBOXING = NO;
				ENABLE_USER_SELECTED_FILES = readwrite;
				GENERATE_INFOPLIST_FILE = YES;
				INFOPLIST_KEY_CFBundleDisplayName = ClearanceKit;
				INFOPLIST_KEY_LSApplicationCategoryType = "public.app-category.utilities";
				INFOPLIST_KEY_NSHumanReadableCopyright = "";
				LD_RUNPATH_SEARCH_PATHS = (
					"$(inherited)",
					"@executable_path/../Frameworks",
				);
				MACOSX_DEPLOYMENT_TARGET = 15.6;
				MARKETING_VERSION = 5.0;
				PRODUCT_BUNDLE_IDENTIFIER = uk.craigbass.clearancekit;
				PRODUCT_NAME = "$(TARGET_NAME)";
				PROVISIONING_PROFILE_SPECIFIER = "";
				REGISTER_APP_GROUPS = YES;
				STRING_CATALOG_GENERATE_SYMBOLS = YES;
				SWIFT_APPROACHABLE_CONCURRENCY = YES;
				SWIFT_DEFAULT_ACTOR_ISOLATION = MainActor;
				SWIFT_EMIT_LOC_STRINGS = YES;
				SWIFT_UPCOMING_FEATURE_MEMBER_IMPORT_VISIBILITY = YES;
				SWIFT_VERSION = 5.0;
			};
			name = Debug;
		};
		468256492F2832C500839A1A /* Release */ = {
			isa = XCBuildConfiguration;
			buildSettings = {
				ASSETCATALOG_COMPILER_APPICON_NAME = clearancekit;
				ASSETCATALOG_COMPILER_GLOBAL_ACCENT_COLOR_NAME = AccentColor;
				ASSETCATALOG_COMPILER_INCLUDE_ALL_APPICON_ASSETS = NO;
				CODE_SIGN_ENTITLEMENTS = clearancekit/clearancekit.entitlements;
				CODE_SIGN_IDENTITY = "Apple Development";
				"CODE_SIGN_IDENTITY[sdk=macosx*]" = "Developer ID Application";
				CODE_SIGN_STYLE = Manual;
				COMBINE_HIDPI_IMAGES = YES;
				CURRENT_PROJECT_VERSION = 1;
				DEAD_CODE_STRIPPING = YES;
				DEVELOPMENT_TEAM = "";
				"DEVELOPMENT_TEAM[sdk=macosx*]" = 37KMK6XFTT;
				ENABLE_APP_SANDBOX = YES;
				ENABLE_HARDENED_RUNTIME = YES;
				ENABLE_INCOMING_NETWORK_CONNECTIONS = NO;
				ENABLE_OUTGOING_NETWORK_CONNECTIONS = NO;
				ENABLE_PREVIEWS = YES;
				ENABLE_RESOURCE_ACCESS_AUDIO_INPUT = NO;
				ENABLE_RESOURCE_ACCESS_BLUETOOTH = NO;
				ENABLE_RESOURCE_ACCESS_CALENDARS = NO;
				ENABLE_RESOURCE_ACCESS_CAMERA = NO;
				ENABLE_RESOURCE_ACCESS_CONTACTS = NO;
				ENABLE_RESOURCE_ACCESS_LOCATION = NO;
				ENABLE_RESOURCE_ACCESS_PRINTING = NO;
				ENABLE_RESOURCE_ACCESS_USB = NO;
				ENABLE_USER_SCRIPT_SANDBOXING = NO;
				ENABLE_USER_SELECTED_FILES = readwrite;
				GENERATE_INFOPLIST_FILE = YES;
				INFOPLIST_KEY_CFBundleDisplayName = ClearanceKit;
				INFOPLIST_KEY_LSApplicationCategoryType = "public.app-category.utilities";
				INFOPLIST_KEY_NSHumanReadableCopyright = "";
				LD_RUNPATH_SEARCH_PATHS = (
					"$(inherited)",
					"@executable_path/../Frameworks",
				);
				MACOSX_DEPLOYMENT_TARGET = 15.6;
				MARKETING_VERSION = 5.0;
				PRODUCT_BUNDLE_IDENTIFIER = uk.craigbass.clearancekit;
				PRODUCT_NAME = "$(TARGET_NAME)";
				PROVISIONING_PROFILE_SPECIFIER = "";
				"PROVISIONING_PROFILE_SPECIFIER[sdk=macosx*]" = "clearancekit Developer ID";
				REGISTER_APP_GROUPS = YES;
				STRING_CATALOG_GENERATE_SYMBOLS = YES;
				SWIFT_APPROACHABLE_CONCURRENCY = YES;
				SWIFT_DEFAULT_ACTOR_ISOLATION = MainActor;
				SWIFT_EMIT_LOC_STRINGS = YES;
				SWIFT_UPCOMING_FEATURE_MEMBER_IMPORT_VISIBILITY = YES;
				SWIFT_VERSION = 5.0;
			};
			name = Release;
		};
		4682566A2F28331400839A1A /* Debug */ = {
			isa = XCBuildConfiguration;
			buildSettings = {
				CODE_SIGN_ENTITLEMENTS = opfilter/opfilter.entitlements;
				CODE_SIGN_IDENTITY = "Apple Development";
				CODE_SIGN_STYLE = Automatic;
				CURRENT_PROJECT_VERSION = 1;
				DEAD_CODE_STRIPPING = YES;
				DEVELOPMENT_TEAM = 37KMK6XFTT;
				ENABLE_HARDENED_RUNTIME = YES;
				ENABLE_USER_SCRIPT_SANDBOXING = NO;
				GENERATE_INFOPLIST_FILE = YES;
				INFOPLIST_FILE = opfilter/Info.plist;
				INFOPLIST_KEY_CFBundleDisplayName = opfilter;
				INFOPLIST_KEY_NSHumanReadableCopyright = "";
				LD_RUNPATH_SEARCH_PATHS = (
					"$(inherited)",
					"@executable_path/../Frameworks",
					"@executable_path/../../../../Frameworks",
				);
				MACOSX_DEPLOYMENT_TARGET = 15.6;
				MARKETING_VERSION = 5.0;
				PRODUCT_BUNDLE_IDENTIFIER = uk.craigbass.clearancekit.opfilter;
				PRODUCT_NAME = "$(inherited)";
				PROVISIONING_PROFILE_SPECIFIER = "";
				REGISTER_APP_GROUPS = YES;
				SKIP_INSTALL = YES;
				STRING_CATALOG_GENERATE_SYMBOLS = YES;
				SWIFT_APPROACHABLE_CONCURRENCY = YES;
				SWIFT_EMIT_LOC_STRINGS = YES;
				SWIFT_UPCOMING_FEATURE_MEMBER_IMPORT_VISIBILITY = YES;
				SWIFT_VERSION = 5.0;
			};
			name = Debug;
		};
		4682566B2F28331400839A1A /* Release */ = {
			isa = XCBuildConfiguration;
			buildSettings = {
				CODE_SIGN_ENTITLEMENTS = opfilter/opfilter.entitlements;
				CODE_SIGN_IDENTITY = "Apple Development";
				"CODE_SIGN_IDENTITY[sdk=macosx*]" = "Developer ID Application";
				CODE_SIGN_STYLE = Manual;
				CURRENT_PROJECT_VERSION = 1;
				DEAD_CODE_STRIPPING = YES;
				DEVELOPMENT_TEAM = "";
				"DEVELOPMENT_TEAM[sdk=macosx*]" = 37KMK6XFTT;
				ENABLE_HARDENED_RUNTIME = YES;
				ENABLE_USER_SCRIPT_SANDBOXING = NO;
				GENERATE_INFOPLIST_FILE = YES;
				INFOPLIST_FILE = opfilter/Info.plist;
				INFOPLIST_KEY_CFBundleDisplayName = opfilter;
				INFOPLIST_KEY_NSHumanReadableCopyright = "";
				LD_RUNPATH_SEARCH_PATHS = (
					"$(inherited)",
					"@executable_path/../Frameworks",
					"@executable_path/../../../../Frameworks",
				);
				MACOSX_DEPLOYMENT_TARGET = 15.6;
				MARKETING_VERSION = 5.0;
				PRODUCT_BUNDLE_IDENTIFIER = uk.craigbass.clearancekit.opfilter;
				PRODUCT_NAME = "$(inherited)";
				PROVISIONING_PROFILE_SPECIFIER = "";
				"PROVISIONING_PROFILE_SPECIFIER[sdk=macosx*]" = "clearancekit opfilter Developer ID";
				REGISTER_APP_GROUPS = YES;
				SKIP_INSTALL = YES;
				STRING_CATALOG_GENERATE_SYMBOLS = YES;
				SWIFT_APPROACHABLE_CONCURRENCY = YES;
				SWIFT_EMIT_LOC_STRINGS = YES;
				SWIFT_UPCOMING_FEATURE_MEMBER_IMPORT_VISIBILITY = YES;
				SWIFT_VERSION = 5.0;
			};
			name = Release;
		};
		EE4444444444444444440007 /* Debug */ = {
			isa = XCBuildConfiguration;
			buildSettings = {
				CODE_SIGN_STYLE = Manual;
				CURRENT_PROJECT_VERSION = 1;
				DEAD_CODE_STRIPPING = YES;
				DEVELOPMENT_TEAM = "";
				"DEVELOPMENT_TEAM[sdk=macosx*]" = "";
				GENERATE_INFOPLIST_FILE = YES;
				MACOSX_DEPLOYMENT_TARGET = 15.6;
				MARKETING_VERSION = 1.0;
				PRODUCT_BUNDLE_IDENTIFIER = uk.craigbass.clearancekit.tests;
				PRODUCT_NAME = "$(TARGET_NAME)";
				PROVISIONING_PROFILE_SPECIFIER = "";
				SWIFT_APPROACHABLE_CONCURRENCY = YES;
				SWIFT_EMIT_LOC_STRINGS = NO;
				SWIFT_UPCOMING_FEATURE_MEMBER_IMPORT_VISIBILITY = YES;
				SWIFT_VERSION = 5.0;
			};
			name = Debug;
		};
		EE4444444444444444440008 /* Release */ = {
			isa = XCBuildConfiguration;
			buildSettings = {
				CODE_SIGN_STYLE = Manual;
				CURRENT_PROJECT_VERSION = 1;
				DEAD_CODE_STRIPPING = YES;
				DEVELOPMENT_TEAM = "";
				GENERATE_INFOPLIST_FILE = YES;
				MACOSX_DEPLOYMENT_TARGET = 15.6;
				MARKETING_VERSION = 1.0;
				PRODUCT_BUNDLE_IDENTIFIER = uk.craigbass.clearancekit.tests;
				PRODUCT_NAME = "$(TARGET_NAME)";
				PROVISIONING_PROFILE_SPECIFIER = "";
				SWIFT_APPROACHABLE_CONCURRENCY = YES;
				SWIFT_EMIT_LOC_STRINGS = NO;
				SWIFT_UPCOMING_FEATURE_MEMBER_IMPORT_VISIBILITY = YES;
				SWIFT_VERSION = 5.0;
			};
			name = Release;
		};
/* End XCBuildConfiguration section */

/* Begin XCConfigurationList section */
		468256372F2832C400839A1A /* Build configuration list for PBXProject "clearancekit" */ = {
			isa = XCConfigurationList;
			buildConfigurations = (
				468256452F2832C500839A1A /* Debug */,
				468256462F2832C500839A1A /* Release */,
			);
			defaultConfigurationIsVisible = 0;
			defaultConfigurationName = Release;
		};
		468256472F2832C500839A1A /* Build configuration list for PBXNativeTarget "clearancekit" */ = {
			isa = XCConfigurationList;
			buildConfigurations = (
				468256482F2832C500839A1A /* Debug */,
				468256492F2832C500839A1A /* Release */,
			);
			defaultConfigurationIsVisible = 0;
			defaultConfigurationName = Release;
		};
		468256692F28331400839A1A /* Build configuration list for PBXNativeTarget "opfilter" */ = {
			isa = XCConfigurationList;
			buildConfigurations = (
				4682566A2F28331400839A1A /* Debug */,
				4682566B2F28331400839A1A /* Release */,
			);
			defaultConfigurationIsVisible = 0;
			defaultConfigurationName = Release;
		};
		EE4444444444444444440009 /* Build configuration list for PBXNativeTarget "clearancekitTests" */ = {
			isa = XCConfigurationList;
			buildConfigurations = (
				EE4444444444444444440007 /* Debug */,
				EE4444444444444444440008 /* Release */,
			);
			defaultConfigurationIsVisible = 0;
			defaultConfigurationName = Release;
		};
/* End XCConfigurationList section */
	};
	rootObject = 468256342F2832C400839A1A /* Project object */;
}
